
Microsoft Visual Studio Solution File, Format Version 12.00
# Visual Studio Version 16
VisualStudioVersion = 16.0.31026.101
MinimumVisualStudioVersion = 10.0.40219.1
Project("{9A19103F-16F7-4668-BE54-9A1E7A4F7556}") = "twitter-app-console", "twitter-app-console\twitter-app-console.csproj", "{A62315C0-B539-4D01-B349-40F6CD382DDA}"
EndProject
Project("{9A19103F-16F7-4668-BE54-9A1E7A4F7556}") = "twitter-app-tests", "twitter-app-tests\twitter-app-tests.csproj", "{A3872BBC-A354-4ED0-B037-9E44C3B931D0}"
EndProject
Global
	GlobalSection(SolutionConfigurationPlatforms) = preSolution
		Debug|Any CPU = Debug|Any CPU
		Release|Any CPU = Release|Any CPU
	EndGlobalSection
	GlobalSection(ProjectConfigurationPlatforms) = postSolution
		{A62315C0-B539-4D01-B349-40F6CD382DDA}.Debug|Any CPU.ActiveCfg = Debug|Any CPU
		{A62315C0-B539-4D01-B349-40F6CD382DDA}.Debug|Any CPU.Build.0 = Debug|Any CPU
		{A62315C0-B539-4D01-B349-40F6CD382DDA}.Release|Any CPU.ActiveCfg = Release|Any CPU
		{A62315C0-B539-4D01-B349-40F6CD382DDA}.Release|Any CPU.Build.0 = Release|Any CPU
		{A3872BBC-A354-4ED0-B037-9E44C3B931D0}.Debug|Any CPU.ActiveCfg = Debug|Any CPU
		{A3872BBC-A354-4ED0-B037-9E44C3B931D0}.Debug|Any CPU.Build.0 = Debug|Any CPU
		{A3872BBC-A354-4ED0-B037-9E44C3B931D0}.Release|Any CPU.ActiveCfg = Release|Any CPU
		{A3872BBC-A354-4ED0-B037-9E44C3B931D0}.Release|Any CPU.Build.0 = Release|Any CPU
	EndGlobalSection
	GlobalSection(SolutionProperties) = preSolution
		HideSolutionNode = FALSE
	EndGlobalSection
	GlobalSection(ExtensibilityGlobals) = postSolution
		SolutionGuid = {0B68706D-F347-4F8C-A788-F28E9ABDC90F}
	EndGlobalSection
EndGlobal
